{"version":4,"terraform_version":"1.9.1","serial":3,"lineage":"1a3e044e-b5af-bc4d-6330-1022616241da","outputs":{},"resources":[{"mode":"managed","type":"null_resource","name":"cassandra-docker","provider":"provider[\"registry.opentofu.org/hashicorp/null\"]","instances":[{"schema_version":0,"attributes":{"id":"8932790851306615909","triggers":null},"sensitive_attributes":[],"dependencies":["proxmox_lxc.cassandra_nodes"]}]},{"mode":"managed","type":"proxmox_lxc","name":"cassandra_nodes","provider":"provider[\"registry.opentofu.org/telmate/proxmox\"]","instances":[{"index_key":0,"schema_version":0,"attributes":{"arch":"amd64","bwlimit":0,"clone":null,"clone_storage":null,"cmode":"tty","console":true,"cores":2,"cpulimit":0,"cpuunits":1024,"description":"","features":[{"fuse":false,"keyctl":false,"mknod":false,"mount":"","nesting":true}],"force":false,"full":null,"hagroup":"","hastate":"","hookscript":"","hostname":"cassandra-1","id":"kafka1/lxc/101","ignore_unpack_errors":false,"lock":"","memory":2048,"mountpoint":[],"nameserver":"","network":[{"bridge":"vmbr0","firewall":false,"gw":"10.0.2.2","gw6":"","hwaddr":"BC:24:11:93:E1:B4","id":0,"ip":"10.0.2.70/24","ip6":"","mtu":0,"name":"eth0","rate":0,"tag":0,"trunks":"","type":"veth"}],"onboot":false,"ostemplate":"local:vztmpl/debian-12-standard_12.7-1_amd64.tar.zst","ostype":"debian","password":"root1","pool":null,"protection":false,"restore":false,"rootfs":[{"acl":false,"quota":false,"replicate":false,"ro":false,"shared":false,"size":"20G","storage":"local-lvm","volume":"local-lvm:vm-101-disk-0"}],"searchdomain":"","ssh_public_keys":"\nssh-ed25519 AAAAC3NzaC1lZDI1NTE5AAAAICS6cOUIHpp6373ShI3isTzV8Qtp4xQYGNznUeTOdpxc PBL6\n","start":true,"startup":"","swap":0,"tags":"","target_node":"kafka1","template":false,"timeouts":null,"tty":2,"unique":false,"unprivileged":false,"unused":[],"vmid":null},"sensitive_attributes":[[{"type":"get_attr","value":"password"}]],"private":"eyJlMmJmYjczMC1lY2FhLTExZTYtOGY4OC0zNDM2M2JjN2M0YzAiOnsiY3JlYXRlIjoxMjAwMDAwMDAwMDAwLCJkZWZhdWx0IjoxMjAwMDAwMDAwMDAwLCJkZWxldGUiOjEyMDAwMDAwMDAwMDAsInJlYWQiOjEyMDAwMDAwMDAwMDAsInVwZGF0ZSI6MTIwMDAwMDAwMDAwMH19"},{"index_key":1,"schema_version":0,"attributes":{"arch":"amd64","bwlimit":0,"clone":null,"clone_storage":null,"cmode":"tty","console":true,"cores":2,"cpulimit":0,"cpuunits":1024,"description":"","features":[{"fuse":false,"keyctl":false,"mknod":false,"mount":"","nesting":true}],"force":false,"full":null,"hagroup":"","hastate":"","hookscript":"","hostname":"cassandra-2","id":"kafka2/lxc/102","ignore_unpack_errors":false,"lock":"","memory":2048,"mountpoint":[],"nameserver":"","network":[{"bridge":"vmbr0","firewall":false,"gw":"10.0.2.2","gw6":"","hwaddr":"BC:24:11:76:20:C0","id":0,"ip":"10.0.2.71/24","ip6":"","mtu":0,"name":"eth0","rate":0,"tag":0,"trunks":"","type":"veth"}],"onboot":false,"ostemplate":"local:vztmpl/debian-12-standard_12.7-1_amd64.tar.zst","ostype":"debian","password":"root1","pool":null,"protection":false,"restore":false,"rootfs":[{"acl":false,"quota":false,"replicate":false,"ro":false,"shared":false,"size":"20G","storage":"local-lvm","volume":"local-lvm:vm-102-disk-0"}],"searchdomain":"","ssh_public_keys":"\nssh-ed25519 AAAAC3NzaC1lZDI1NTE5AAAAICS6cOUIHpp6373ShI3isTzV8Qtp4xQYGNznUeTOdpxc PBL6\n","start":true,"startup":"","swap":0,"tags":"","target_node":"kafka2","template":false,"timeouts":null,"tty":2,"unique":false,"unprivileged":false,"unused":[],"vmid":null},"sensitive_attributes":[[{"type":"get_attr","value":"password"}]],"private":"eyJlMmJmYjczMC1lY2FhLTExZTYtOGY4OC0zNDM2M2JjN2M0YzAiOnsiY3JlYXRlIjoxMjAwMDAwMDAwMDAwLCJkZWZhdWx0IjoxMjAwMDAwMDAwMDAwLCJkZWxldGUiOjEyMDAwMDAwMDAwMDAsInJlYWQiOjEyMDAwMDAwMDAwMDAsInVwZGF0ZSI6MTIwMDAwMDAwMDAwMH19"},{"index_key":2,"schema_version":0,"attributes":{"arch":"amd64","bwlimit":0,"clone":null,"clone_storage":null,"cmode":"tty","console":true,"cores":2,"cpulimit":0,"cpuunits":1024,"description":"","features":[{"fuse":false,"keyctl":false,"mknod":false,"mount":"","nesting":true}],"force":false,"full":null,"hagroup":"","hastate":"","hookscript":"","hostname":"cassandra-3","id":"kafka3/lxc/100","ignore_unpack_errors":false,"lock":"","memory":2048,"mountpoint":[],"nameserver":"","network":[{"bridge":"vmbr0","firewall":false,"gw":"10.0.2.2","gw6":"","hwaddr":"BC:24:11:45:CD:8C","id":0,"ip":"10.0.2.72/24","ip6":"","mtu":0,"name":"eth0","rate":0,"tag":0,"trunks":"","type":"veth"}],"onboot":false,"ostemplate":"local:vztmpl/debian-12-standard_12.7-1_amd64.tar.zst","ostype":"debian","password":"root1","pool":null,"protection":false,"restore":false,"rootfs":[{"acl":false,"quota":false,"replicate":false,"ro":false,"shared":false,"size":"20G","storage":"local-lvm","volume":"local-lvm:vm-100-disk-0"}],"searchdomain":"","ssh_public_keys":"\nssh-ed25519 AAAAC3NzaC1lZDI1NTE5AAAAICS6cOUIHpp6373ShI3isTzV8Qtp4xQYGNznUeTOdpxc PBL6\n","start":true,"startup":"","swap":0,"tags":"","target_node":"kafka3","template":false,"timeouts":null,"tty":2,"unique":false,"unprivileged":false,"unused":[],"vmid":null},"sensitive_attributes":[[{"type":"get_attr","value":"password"}]],"private":"eyJlMmJmYjczMC1lY2FhLTExZTYtOGY4OC0zNDM2M2JjN2M0YzAiOnsiY3JlYXRlIjoxMjAwMDAwMDAwMDAwLCJkZWZhdWx0IjoxMjAwMDAwMDAwMDAwLCJkZWxldGUiOjEyMDAwMDAwMDAwMDAsInJlYWQiOjEyMDAwMDAwMDAwMDAsInVwZGF0ZSI6MTIwMDAwMDAwMDAwMH19"}]}],"check_results":null}
